
Microsoft Visual Studio Solution File, Format Version 12.00
# Visual Studio Version 16
VisualStudioVersion = 16.0.31729.503
MinimumVisualStudioVersion = 10.0.40219.1
Project("{9A19103F-16F7-4668-BE54-9A1E7A4F7556}") = "CIPRIQ_HFT_2022231.Client", "CIPRIQ_HFT_2022231.Client\CIPRIQ_HFT_2022231.Client.csproj", "{3C6C7890-3105-421A-BF30-79E6AFC65A2C}"
EndProject
Project("{9A19103F-16F7-4668-BE54-9A1E7A4F7556}") = "CIPRIQ_HFT_2022231.Models", "CIPRIQ_HFT_2021222.Models\CIPRIQ_HFT_2022231.Models.csproj", "{C0A8CA8A-87CB-4598-9D21-BE12B4794484}"
EndProject
Project("{9A19103F-16F7-4668-BE54-9A1E7A4F7556}") = "CIPRIQ_HFT_2022231.Logic", "CIPRIQ_HFT_2021222.Logic\CIPRIQ_HFT_2022231.Logic.csproj", "{B9FC34CC-129D-47AC-9D24-55D338D5B798}"
EndProject
Project("{9A19103F-16F7-4668-BE54-9A1E7A4F7556}") = "CIPRIQ_HFT_2022231.Repository", "CIPRIQ_HFT_2022231.Repository\CIPRIQ_HFT_2022231.Repository.csproj", "{B6241B7B-BA52-4D1A-89F6-F1FE3D5BEF67}"
EndProject
Project("{9A19103F-16F7-4668-BE54-9A1E7A4F7556}") = "CIPRIQ_HFT_2022231.Endpoint", "CIPRIQ_HFT_2022231.Endpoint\CIPRIQ_HFT_2022231.Endpoint.csproj", "{A8997CA1-7972-4F16-9462-1E4C245D7199}"
EndProject
Project("{2150E333-8FDC-42A3-9474-1A3956D46DE8}") = "Backend", "Backend", "{CA288912-2219-4243-8C79-42F1DD2F8AE3}"
EndProject
Project("{2150E333-8FDC-42A3-9474-1A3956D46DE8}") = "Frontend", "Frontend", "{27906772-EFA5-45CE-BBBD-6A92ED92B163}"
EndProject
Project("{2150E333-8FDC-42A3-9474-1A3956D46DE8}") = "Shared", "Shared", "{04FD9ECD-E924-4DB4-9133-6A6822DE0C8B}"
EndProject
Project("{2150E333-8FDC-42A3-9474-1A3956D46DE8}") = "Others", "Others", "{BACCA77A-2712-41A4-95C8-3A6FA5510585}"
	ProjectSection(SolutionItems) = preProject
		.gitignore = .gitignore
	EndProjectSection
EndProject
Project("{FAE04EC0-301F-11D3-BF4B-00C04F79EFBC}") = "CIPRIQ_HFT_2022231.Test", "CIPRIQ_HFT_2022231.Test\CIPRIQ_HFT_2022231.Test.csproj", "{B93D8114-7B42-460F-B87B-FCB08CE9D174}"
EndProject
Global
	GlobalSection(SolutionConfigurationPlatforms) = preSolution
		Debug|Any CPU = Debug|Any CPU
		Release|Any CPU = Release|Any CPU
	EndGlobalSection
	GlobalSection(ProjectConfigurationPlatforms) = postSolution
		{3C6C7890-3105-421A-BF30-79E6AFC65A2C}.Debug|Any CPU.ActiveCfg = Debug|Any CPU
		{3C6C7890-3105-421A-BF30-79E6AFC65A2C}.Debug|Any CPU.Build.0 = Debug|Any CPU
		{3C6C7890-3105-421A-BF30-79E6AFC65A2C}.Release|Any CPU.ActiveCfg = Release|Any CPU
		{3C6C7890-3105-421A-BF30-79E6AFC65A2C}.Release|Any CPU.Build.0 = Release|Any CPU
		{C0A8CA8A-87CB-4598-9D21-BE12B4794484}.Debug|Any CPU.ActiveCfg = Debug|Any CPU
		{C0A8CA8A-87CB-4598-9D21-BE12B4794484}.Debug|Any CPU.Build.0 = Debug|Any CPU
		{C0A8CA8A-87CB-4598-9D21-BE12B4794484}.Release|Any CPU.ActiveCfg = Release|Any CPU
		{C0A8CA8A-87CB-4598-9D21-BE12B4794484}.Release|Any CPU.Build.0 = Release|Any CPU
		{B9FC34CC-129D-47AC-9D24-55D338D5B798}.Debug|Any CPU.ActiveCfg = Debug|Any CPU
		{B9FC34CC-129D-47AC-9D24-55D338D5B798}.Debug|Any CPU.Build.0 = Debug|Any CPU
		{B9FC34CC-129D-47AC-9D24-55D338D5B798}.Release|Any CPU.ActiveCfg = Release|Any CPU
		{B9FC34CC-129D-47AC-9D24-55D338D5B798}.Release|Any CPU.Build.0 = Release|Any CPU
		{B6241B7B-BA52-4D1A-89F6-F1FE3D5BEF67}.Debug|Any CPU.ActiveCfg = Debug|Any CPU
		{B6241B7B-BA52-4D1A-89F6-F1FE3D5BEF67}.Debug|Any CPU.Build.0 = Debug|Any CPU
		{B6241B7B-BA52-4D1A-89F6-F1FE3D5BEF67}.Release|Any CPU.ActiveCfg = Release|Any CPU
		{B6241B7B-BA52-4D1A-89F6-F1FE3D5BEF67}.Release|Any CPU.Build.0 = Release|Any CPU
		{A8997CA1-7972-4F16-9462-1E4C245D7199}.Debug|Any CPU.ActiveCfg = Debug|Any CPU
		{A8997CA1-7972-4F16-9462-1E4C245D7199}.Debug|Any CPU.Build.0 = Debug|Any CPU
		{A8997CA1-7972-4F16-9462-1E4C245D7199}.Release|Any CPU.ActiveCfg = Release|Any CPU
		{A8997CA1-7972-4F16-9462-1E4C245D7199}.Release|Any CPU.Build.0 = Release|Any CPU
		{B93D8114-7B42-460F-B87B-FCB08CE9D174}.Debug|Any CPU.ActiveCfg = Debug|Any CPU
		{B93D8114-7B42-460F-B87B-FCB08CE9D174}.Debug|Any CPU.Build.0 = Debug|Any CPU
		{B93D8114-7B42-460F-B87B-FCB08CE9D174}.Release|Any CPU.ActiveCfg = Release|Any CPU
		{B93D8114-7B42-460F-B87B-FCB08CE9D174}.Release|Any CPU.Build.0 = Release|Any CPU
	EndGlobalSection
	GlobalSection(SolutionProperties) = preSolution
		HideSolutionNode = FALSE
	EndGlobalSection
	GlobalSection(NestedProjects) = preSolution
		{3C6C7890-3105-421A-BF30-79E6AFC65A2C} = {27906772-EFA5-45CE-BBBD-6A92ED92B163}
		{C0A8CA8A-87CB-4598-9D21-BE12B4794484} = {04FD9ECD-E924-4DB4-9133-6A6822DE0C8B}
		{B9FC34CC-129D-47AC-9D24-55D338D5B798} = {CA288912-2219-4243-8C79-42F1DD2F8AE3}
		{B6241B7B-BA52-4D1A-89F6-F1FE3D5BEF67} = {CA288912-2219-4243-8C79-42F1DD2F8AE3}
		{A8997CA1-7972-4F16-9462-1E4C245D7199} = {CA288912-2219-4243-8C79-42F1DD2F8AE3}
		{B93D8114-7B42-460F-B87B-FCB08CE9D174} = {CA288912-2219-4243-8C79-42F1DD2F8AE3}
	EndGlobalSection
	GlobalSection(ExtensibilityGlobals) = postSolution
		SolutionGuid = {474C6980-9807-4A65-894E-61C67AB05CF7}
	EndGlobalSection
EndGlobal
