
Microsoft Visual Studio Solution File, Format Version 12.00
# Visual Studio Version 16
VisualStudioVersion = 16.0.31729.503
MinimumVisualStudioVersion = 10.0.40219.1
Project("{FAE04EC0-301F-11D3-BF4B-00C04F79EFBC}") = "CIPRIQ_HFT_2022231.Client", "CIPRIQ_HFT_2022231.Client\CIPRIQ_HFT_2022231.Client.csproj", "{3C6C7890-3105-421A-BF30-79E6AFC65A2C}"
EndProject
Project("{FAE04EC0-301F-11D3-BF4B-00C04F79EFBC}") = "CIPRIQ_HFT_2022231.Models", "CIPRIQ_HFT_2021222.Models\CIPRIQ_HFT_2022231.Models.csproj", "{C0A8CA8A-87CB-4598-9D21-BE12B4794484}"
EndProject
Project("{FAE04EC0-301F-11D3-BF4B-00C04F79EFBC}") = "CIPRIQ_HFT_2022231.Logic", "CIPRIQ_HFT_2021222.Logic\CIPRIQ_HFT_2022231.Logic.csproj", "{B9FC34CC-129D-47AC-9D24-55D338D5B798}"
EndProject
Project("{FAE04EC0-301F-11D3-BF4B-00C04F79EFBC}") = "CIPRIQ_HFT_2022231.Repository", "CIPRIQ_HFT_2022231.Repository\CIPRIQ_HFT_2022231.Repository.csproj", "{B6241B7B-BA52-4D1A-89F6-F1FE3D5BEF67}"
EndProject
Project("{FAE04EC0-301F-11D3-BF4B-00C04F79EFBC}") = "CIPRIQ_HFT_2022231.Endpoint", "CIPRIQ_HFT_2022231.Endpoint\CIPRIQ_HFT_2022231.Endpoint.csproj", "{A8997CA1-7972-4F16-9462-1E4C245D7199}"
EndProject
Project("{FAE04EC0-301F-11D3-BF4B-00C04F79EFBC}") = "CIPRIQ_HFT_2022231.Test", "CIPRIQ_HFT_2022231.Test\CIPRIQ_HFT_2022231.Test.csproj", "{354F6786-F09B-43BD-AD2D-4E200E35282E}"
EndProject
Global
	GlobalSection(SolutionConfigurationPlatforms) = preSolution
		Debug|Any CPU = Debug|Any CPU
		Release|Any CPU = Release|Any CPU
	EndGlobalSection
	GlobalSection(ProjectConfigurationPlatforms) = postSolution
		{3C6C7890-3105-421A-BF30-79E6AFC65A2C}.Debug|Any CPU.ActiveCfg = Debug|Any CPU
		{3C6C7890-3105-421A-BF30-79E6AFC65A2C}.Debug|Any CPU.Build.0 = Debug|Any CPU
		{3C6C7890-3105-421A-BF30-79E6AFC65A2C}.Release|Any CPU.ActiveCfg = Release|Any CPU
		{3C6C7890-3105-421A-BF30-79E6AFC65A2C}.Release|Any CPU.Build.0 = Release|Any CPU
		{C0A8CA8A-87CB-4598-9D21-BE12B4794484}.Debug|Any CPU.ActiveCfg = Debug|Any CPU
		{C0A8CA8A-87CB-4598-9D21-BE12B4794484}.Debug|Any CPU.Build.0 = Debug|Any CPU
		{C0A8CA8A-87CB-4598-9D21-BE12B4794484}.Release|Any CPU.ActiveCfg = Release|Any CPU
		{C0A8CA8A-87CB-4598-9D21-BE12B4794484}.Release|Any CPU.Build.0 = Release|Any CPU
		{B9FC34CC-129D-47AC-9D24-55D338D5B798}.Debug|Any CPU.ActiveCfg = Debug|Any CPU
		{B9FC34CC-129D-47AC-9D24-55D338D5B798}.Debug|Any CPU.Build.0 = Debug|Any CPU
		{B9FC34CC-129D-47AC-9D24-55D338D5B798}.Release|Any CPU.ActiveCfg = Release|Any CPU
		{B9FC34CC-129D-47AC-9D24-55D338D5B798}.Release|Any CPU.Build.0 = Release|Any CPU
		{B6241B7B-BA52-4D1A-89F6-F1FE3D5BEF67}.Debug|Any CPU.ActiveCfg = Debug|Any CPU
		{B6241B7B-BA52-4D1A-89F6-F1FE3D5BEF67}.Debug|Any CPU.Build.0 = Debug|Any CPU
		{B6241B7B-BA52-4D1A-89F6-F1FE3D5BEF67}.Release|Any CPU.ActiveCfg = Release|Any CPU
		{B6241B7B-BA52-4D1A-89F6-F1FE3D5BEF67}.Release|Any CPU.Build.0 = Release|Any CPU
		{A8997CA1-7972-4F16-9462-1E4C245D7199}.Debug|Any CPU.ActiveCfg = Debug|Any CPU
		{A8997CA1-7972-4F16-9462-1E4C245D7199}.Debug|Any CPU.Build.0 = Debug|Any CPU
		{A8997CA1-7972-4F16-9462-1E4C245D7199}.Release|Any CPU.ActiveCfg = Release|Any CPU
		{A8997CA1-7972-4F16-9462-1E4C245D7199}.Release|Any CPU.Build.0 = Release|Any CPU
		{354F6786-F09B-43BD-AD2D-4E200E35282E}.Debug|Any CPU.ActiveCfg = Debug|Any CPU
		{354F6786-F09B-43BD-AD2D-4E200E35282E}.Debug|Any CPU.Build.0 = Debug|Any CPU
		{354F6786-F09B-43BD-AD2D-4E200E35282E}.Release|Any CPU.ActiveCfg = Release|Any CPU
		{354F6786-F09B-43BD-AD2D-4E200E35282E}.Release|Any CPU.Build.0 = Release|Any CPU
	EndGlobalSection
	GlobalSection(SolutionProperties) = preSolution
		HideSolutionNode = FALSE
	EndGlobalSection
	GlobalSection(ExtensibilityGlobals) = postSolution
		SolutionGuid = {474C6980-9807-4A65-894E-61C67AB05CF7}
	EndGlobalSection
EndGlobal
